// !$*UTF8*$!
{
	archiveVersion = 1;
	classes = {
	};
	objectVersion = 46;
	objects = {

/* Begin PBXBuildFile section */
		3196533F1DC0DA63009FDFB1 /* customfont.ttf in Resources */ = {isa = PBXBuildFile; fileRef = 3196533E1DC0DA63009FDFB1 /* customfont.ttf */; };
		31AB4CDE1DAF6B62006A2404 /* AppDelegate.swift in Sources */ = {isa = PBXBuildFile; fileRef = 31AB4CDD1DAF6B62006A2404 /* AppDelegate.swift */; };
		31AB4CE01DAF6B62006A2404 /* ViewController.swift in Sources */ = {isa = PBXBuildFile; fileRef = 31AB4CDF1DAF6B62006A2404 /* ViewController.swift */; };
		31AB4CE31DAF6B62006A2404 /* Main.storyboard in Resources */ = {isa = PBXBuildFile; fileRef = 31AB4CE11DAF6B62006A2404 /* Main.storyboard */; };
		31AB4CE51DAF6B62006A2404 /* Assets.xcassets in Resources */ = {isa = PBXBuildFile; fileRef = 31AB4CE41DAF6B62006A2404 /* Assets.xcassets */; };
		31AB4CE81DAF6B62006A2404 /* LaunchScreen.storyboard in Resources */ = {isa = PBXBuildFile; fileRef = 31AB4CE61DAF6B62006A2404 /* LaunchScreen.storyboard */; };
		31AB4CF31DAF6B62006A2404 /* BottomSheetTests.swift in Sources */ = {isa = PBXBuildFile; fileRef = 31AB4CF21DAF6B62006A2404 /* BottomSheetTests.swift */; };
		31AB4D061DAF6BA0006A2404 /* CustomActionSheet.swift in Sources */ = {isa = PBXBuildFile; fileRef = 31AB4CFD1DAF6BA0006A2404 /* CustomActionSheet.swift */; };
		31AB4D071DAF6BA0006A2404 /* BackgroundView.swift in Sources */ = {isa = PBXBuildFile; fileRef = 31AB4CFE1DAF6BA0006A2404 /* BackgroundView.swift */; };
		31AB4D081DAF6BA0006A2404 /* ActionSheetProperties.swift in Sources */ = {isa = PBXBuildFile; fileRef = 31AB4CFF1DAF6BA0006A2404 /* ActionSheetProperties.swift */; };
		31AB4D091DAF6BA0006A2404 /* ActionSheetView.swift in Sources */ = {isa = PBXBuildFile; fileRef = 31AB4D001DAF6BA0006A2404 /* ActionSheetView.swift */; };
		31AB4D0A1DAF6BA0006A2404 /* ActionSheetView.xib in Resources */ = {isa = PBXBuildFile; fileRef = 31AB4D011DAF6BA0006A2404 /* ActionSheetView.xib */; };
		31AB4D0B1DAF6BA0006A2404 /* ActionSheetCollectionViewCell.swift in Sources */ = {isa = PBXBuildFile; fileRef = 31AB4D021DAF6BA0006A2404 /* ActionSheetCollectionViewCell.swift */; };
		31AB4D0C1DAF6BA0006A2404 /* ActionSheetCollectionViewCell.xib in Resources */ = {isa = PBXBuildFile; fileRef = 31AB4D031DAF6BA0006A2404 /* ActionSheetCollectionViewCell.xib */; };
		31AB4D0D1DAF6BA0006A2404 /* ActionSheetTableViewCell.swift in Sources */ = {isa = PBXBuildFile; fileRef = 31AB4D041DAF6BA0006A2404 /* ActionSheetTableViewCell.swift */; };
		31AB4D0E1DAF6BA0006A2404 /* ActionSheetTableViewCell.xib in Resources */ = {isa = PBXBuildFile; fileRef = 31AB4D051DAF6BA0006A2404 /* ActionSheetTableViewCell.xib */; };
/* End PBXBuildFile section */

/* Begin PBXContainerItemProxy section */
		31AB4CEF1DAF6B62006A2404 /* PBXContainerItemProxy */ = {
			isa = PBXContainerItemProxy;
			containerPortal = 31AB4CD21DAF6B62006A2404 /* Project object */;
			proxyType = 1;
			remoteGlobalIDString = 31AB4CD91DAF6B62006A2404;
			remoteInfo = BottomSheet;
		};
/* End PBXContainerItemProxy section */

/* Begin PBXFileReference section */
		3196533E1DC0DA63009FDFB1 /* customfont.ttf */ = {isa = PBXFileReference; lastKnownFileType = file; path = customfont.ttf; sourceTree = "<group>"; };
		31AB4CDA1DAF6B62006A2404 /* BottomSheet.app */ = {isa = PBXFileReference; explicitFileType = wrapper.application; includeInIndex = 0; path = BottomSheet.app; sourceTree = BUILT_PRODUCTS_DIR; };
		31AB4CDD1DAF6B62006A2404 /* AppDelegate.swift */ = {isa = PBXFileReference; lastKnownFileType = sourcecode.swift; path = AppDelegate.swift; sourceTree = "<group>"; };
		31AB4CDF1DAF6B62006A2404 /* ViewController.swift */ = {isa = PBXFileReference; lastKnownFileType = sourcecode.swift; path = ViewController.swift; sourceTree = "<group>"; };
		31AB4CE21DAF6B62006A2404 /* Base */ = {isa = PBXFileReference; lastKnownFileType = file.storyboard; name = Base; path = Base.lproj/Main.storyboard; sourceTree = "<group>"; };
		31AB4CE41DAF6B62006A2404 /* Assets.xcassets */ = {isa = PBXFileReference; lastKnownFileType = folder.assetcatalog; path = Assets.xcassets; sourceTree = "<group>"; };
		31AB4CE71DAF6B62006A2404 /* Base */ = {isa = PBXFileReference; lastKnownFileType = file.storyboard; name = Base; path = Base.lproj/LaunchScreen.storyboard; sourceTree = "<group>"; };
		31AB4CE91DAF6B62006A2404 /* Info.plist */ = {isa = PBXFileReference; lastKnownFileType = text.plist.xml; path = Info.plist; sourceTree = "<group>"; };
		31AB4CEE1DAF6B62006A2404 /* BottomSheetTests.xctest */ = {isa = PBXFileReference; explicitFileType = wrapper.cfbundle; includeInIndex = 0; path = BottomSheetTests.xctest; sourceTree = BUILT_PRODUCTS_DIR; };
		31AB4CF21DAF6B62006A2404 /* BottomSheetTests.swift */ = {isa = PBXFileReference; lastKnownFileType = sourcecode.swift; path = BottomSheetTests.swift; sourceTree = "<group>"; };
		31AB4CF41DAF6B62006A2404 /* Info.plist */ = {isa = PBXFileReference; lastKnownFileType = text.plist.xml; path = Info.plist; sourceTree = "<group>"; };
		31AB4CFD1DAF6BA0006A2404 /* CustomActionSheet.swift */ = {isa = PBXFileReference; fileEncoding = 4; lastKnownFileType = sourcecode.swift; path = CustomActionSheet.swift; sourceTree = "<group>"; };
		31AB4CFE1DAF6BA0006A2404 /* BackgroundView.swift */ = {isa = PBXFileReference; fileEncoding = 4; lastKnownFileType = sourcecode.swift; path = BackgroundView.swift; sourceTree = "<group>"; };
		31AB4CFF1DAF6BA0006A2404 /* ActionSheetProperties.swift */ = {isa = PBXFileReference; fileEncoding = 4; lastKnownFileType = sourcecode.swift; path = ActionSheetProperties.swift; sourceTree = "<group>"; };
		31AB4D001DAF6BA0006A2404 /* ActionSheetView.swift */ = {isa = PBXFileReference; fileEncoding = 4; lastKnownFileType = sourcecode.swift; path = ActionSheetView.swift; sourceTree = "<group>"; };
		31AB4D011DAF6BA0006A2404 /* ActionSheetView.xib */ = {isa = PBXFileReference; fileEncoding = 4; lastKnownFileType = file.xib; path = ActionSheetView.xib; sourceTree = "<group>"; };
		31AB4D021DAF6BA0006A2404 /* ActionSheetCollectionViewCell.swift */ = {isa = PBXFileReference; fileEncoding = 4; lastKnownFileType = sourcecode.swift; path = ActionSheetCollectionViewCell.swift; sourceTree = "<group>"; };
		31AB4D031DAF6BA0006A2404 /* ActionSheetCollectionViewCell.xib */ = {isa = PBXFileReference; fileEncoding = 4; lastKnownFileType = file.xib; path = ActionSheetCollectionViewCell.xib; sourceTree = "<group>"; };
		31AB4D041DAF6BA0006A2404 /* ActionSheetTableViewCell.swift */ = {isa = PBXFileReference; fileEncoding = 4; lastKnownFileType = sourcecode.swift; path = ActionSheetTableViewCell.swift; sourceTree = "<group>"; };
		31AB4D051DAF6BA0006A2404 /* ActionSheetTableViewCell.xib */ = {isa = PBXFileReference; fileEncoding = 4; lastKnownFileType = file.xib; path = ActionSheetTableViewCell.xib; sourceTree = "<group>"; };
/* End PBXFileReference section */

/* Begin PBXFrameworksBuildPhase section */
		31AB4CD71DAF6B62006A2404 /* Frameworks */ = {
			isa = PBXFrameworksBuildPhase;
			buildActionMask = 2147483647;
			files = (
			);
			runOnlyForDeploymentPostprocessing = 0;
		};
		31AB4CEB1DAF6B62006A2404 /* Frameworks */ = {
			isa = PBXFrameworksBuildPhase;
			buildActionMask = 2147483647;
			files = (
			);
			runOnlyForDeploymentPostprocessing = 0;
		};
/* End PBXFrameworksBuildPhase section */

/* Begin PBXGroup section */
		3196533B1DC0D9DA009FDFB1 /* Cells */ = {
			isa = PBXGroup;
			children = (
				31AB4D021DAF6BA0006A2404 /* ActionSheetCollectionViewCell.swift */,
				31AB4D031DAF6BA0006A2404 /* ActionSheetCollectionViewCell.xib */,
				31AB4D041DAF6BA0006A2404 /* ActionSheetTableViewCell.swift */,
				31AB4D051DAF6BA0006A2404 /* ActionSheetTableViewCell.xib */,
			);
			name = Cells;
			sourceTree = "<group>";
		};
		3196533C1DC0D9F8009FDFB1 /* Foreground/Background Views */ = {
			isa = PBXGroup;
			children = (
				31AB4CFE1DAF6BA0006A2404 /* BackgroundView.swift */,
				31AB4D001DAF6BA0006A2404 /* ActionSheetView.swift */,
				31AB4D011DAF6BA0006A2404 /* ActionSheetView.xib */,
			);
			name = "Foreground/Background Views";
			sourceTree = "<group>";
		};
		3196533D1DC0DA15009FDFB1 /* Properties and Wrapper Class */ = {
			isa = PBXGroup;
			children = (
				31AB4CFD1DAF6BA0006A2404 /* CustomActionSheet.swift */,
				31AB4CFF1DAF6BA0006A2404 /* ActionSheetProperties.swift */,
			);
			name = "Properties and Wrapper Class";
			sourceTree = "<group>";
		};
		31AB4CD11DAF6B62006A2404 = {
			isa = PBXGroup;
			children = (
				31AB4CDC1DAF6B62006A2404 /* BottomSheet */,
				31AB4CF11DAF6B62006A2404 /* BottomSheetTests */,
				31AB4CDB1DAF6B62006A2404 /* Products */,
			);
			sourceTree = "<group>";
		};
		31AB4CDB1DAF6B62006A2404 /* Products */ = {
			isa = PBXGroup;
			children = (
				31AB4CDA1DAF6B62006A2404 /* BottomSheet.app */,
				31AB4CEE1DAF6B62006A2404 /* BottomSheetTests.xctest */,
			);
			name = Products;
			sourceTree = "<group>";
		};
		31AB4CDC1DAF6B62006A2404 /* BottomSheet */ = {
			isa = PBXGroup;
			children = (
				3196533E1DC0DA63009FDFB1 /* customfont.ttf */,
				3196533D1DC0DA15009FDFB1 /* Properties and Wrapper Class */,
				3196533C1DC0D9F8009FDFB1 /* Foreground/Background Views */,
				3196533B1DC0D9DA009FDFB1 /* Cells */,
				31AB4CDD1DAF6B62006A2404 /* AppDelegate.swift */,
				31AB4CDF1DAF6B62006A2404 /* ViewController.swift */,
				31AB4CE11DAF6B62006A2404 /* Main.storyboard */,
				31AB4CE41DAF6B62006A2404 /* Assets.xcassets */,
				31AB4CE61DAF6B62006A2404 /* LaunchScreen.storyboard */,
				31AB4CE91DAF6B62006A2404 /* Info.plist */,
			);
			path = BottomSheet;
			sourceTree = "<group>";
		};
		31AB4CF11DAF6B62006A2404 /* BottomSheetTests */ = {
			isa = PBXGroup;
			children = (
				31AB4CF21DAF6B62006A2404 /* BottomSheetTests.swift */,
				31AB4CF41DAF6B62006A2404 /* Info.plist */,
			);
			path = BottomSheetTests;
			sourceTree = "<group>";
		};
/* End PBXGroup section */

/* Begin PBXNativeTarget section */
		31AB4CD91DAF6B62006A2404 /* BottomSheet */ = {
			isa = PBXNativeTarget;
			buildConfigurationList = 31AB4CF71DAF6B62006A2404 /* Build configuration list for PBXNativeTarget "BottomSheet" */;
			buildPhases = (
				31AB4CD61DAF6B62006A2404 /* Sources */,
				31AB4CD71DAF6B62006A2404 /* Frameworks */,
				31AB4CD81DAF6B62006A2404 /* Resources */,
			);
			buildRules = (
			);
			dependencies = (
			);
			name = BottomSheet;
			productName = BottomSheet;
			productReference = 31AB4CDA1DAF6B62006A2404 /* BottomSheet.app */;
			productType = "com.apple.product-type.application";
		};
		31AB4CED1DAF6B62006A2404 /* BottomSheetTests */ = {
			isa = PBXNativeTarget;
			buildConfigurationList = 31AB4CFA1DAF6B62006A2404 /* Build configuration list for PBXNativeTarget "BottomSheetTests" */;
			buildPhases = (
				31AB4CEA1DAF6B62006A2404 /* Sources */,
				31AB4CEB1DAF6B62006A2404 /* Frameworks */,
				31AB4CEC1DAF6B62006A2404 /* Resources */,
			);
			buildRules = (
			);
			dependencies = (
				31AB4CF01DAF6B62006A2404 /* PBXTargetDependency */,
			);
			name = BottomSheetTests;
			productName = BottomSheetTests;
			productReference = 31AB4CEE1DAF6B62006A2404 /* BottomSheetTests.xctest */;
			productType = "com.apple.product-type.bundle.unit-test";
		};
/* End PBXNativeTarget section */

/* Begin PBXProject section */
		31AB4CD21DAF6B62006A2404 /* Project object */ = {
			isa = PBXProject;
			attributes = {
				LastSwiftUpdateCheck = 0730;
				LastUpgradeCheck = 0730;
				ORGANIZATIONNAME = Kuliza;
				TargetAttributes = {
					31AB4CD91DAF6B62006A2404 = {
						CreatedOnToolsVersion = 7.3.1;
					};
					31AB4CED1DAF6B62006A2404 = {
						CreatedOnToolsVersion = 7.3.1;
						TestTargetID = 31AB4CD91DAF6B62006A2404;
					};
				};
			};
			buildConfigurationList = 31AB4CD51DAF6B62006A2404 /* Build configuration list for PBXProject "BottomSheet" */;
			compatibilityVersion = "Xcode 3.2";
			developmentRegion = English;
			hasScannedForEncodings = 0;
			knownRegions = (
				en,
				Base,
			);
			mainGroup = 31AB4CD11DAF6B62006A2404;
			productRefGroup = 31AB4CDB1DAF6B62006A2404 /* Products */;
			projectDirPath = "";
			projectRoot = "";
			targets = (
				31AB4CD91DAF6B62006A2404 /* BottomSheet */,
				31AB4CED1DAF6B62006A2404 /* BottomSheetTests */,
			);
		};
/* End PBXProject section */

/* Begin PBXResourcesBuildPhase section */
		31AB4CD81DAF6B62006A2404 /* Resources */ = {
			isa = PBXResourcesBuildPhase;
			buildActionMask = 2147483647;
			files = (
				31AB4CE81DAF6B62006A2404 /* LaunchScreen.storyboard in Resources */,
				31AB4CE51DAF6B62006A2404 /* Assets.xcassets in Resources */,
				31AB4D0C1DAF6BA0006A2404 /* ActionSheetCollectionViewCell.xib in Resources */,
				3196533F1DC0DA63009FDFB1 /* customfont.ttf in Resources */,
				31AB4D0A1DAF6BA0006A2404 /* ActionSheetView.xib in Resources */,
				31AB4CE31DAF6B62006A2404 /* Main.storyboard in Resources */,
				31AB4D0E1DAF6BA0006A2404 /* ActionSheetTableViewCell.xib in Resources */,
			);
			runOnlyForDeploymentPostprocessing = 0;
		};
		31AB4CEC1DAF6B62006A2404 /* Resources */ = {
			isa = PBXResourcesBuildPhase;
			buildActionMask = 2147483647;
			files = (
			);
			runOnlyForDeploymentPostprocessing = 0;
		};
/* End PBXResourcesBuildPhase section */

/* Begin PBXSourcesBuildPhase section */
		31AB4CD61DAF6B62006A2404 /* Sources */ = {
			isa = PBXSourcesBuildPhase;
			buildActionMask = 2147483647;
			files = (
				31AB4D081DAF6BA0006A2404 /* ActionSheetProperties.swift in Sources */,
				31AB4D061DAF6BA0006A2404 /* CustomActionSheet.swift in Sources */,
				31AB4D0B1DAF6BA0006A2404 /* ActionSheetCollectionViewCell.swift in Sources */,
				31AB4D0D1DAF6BA0006A2404 /* ActionSheetTableViewCell.swift in Sources */,
				31AB4CE01DAF6B62006A2404 /* ViewController.swift in Sources */,
				31AB4D071DAF6BA0006A2404 /* BackgroundView.swift in Sources */,
				31AB4D091DAF6BA0006A2404 /* ActionSheetView.swift in Sources */,
				31AB4CDE1DAF6B62006A2404 /* AppDelegate.swift in Sources */,
			);
			runOnlyForDeploymentPostprocessing = 0;
		};
		31AB4CEA1DAF6B62006A2404 /* Sources */ = {
			isa = PBXSourcesBuildPhase;
			buildActionMask = 2147483647;
			files = (
				31AB4CF31DAF6B62006A2404 /* BottomSheetTests.swift in Sources */,
			);
			runOnlyForDeploymentPostprocessing = 0;
		};
/* End PBXSourcesBuildPhase section */

/* Begin PBXTargetDependency section */
		31AB4CF01DAF6B62006A2404 /* PBXTargetDependency */ = {
			isa = PBXTargetDependency;
			target = 31AB4CD91DAF6B62006A2404 /* BottomSheet */;
			targetProxy = 31AB4CEF1DAF6B62006A2404 /* PBXContainerItemProxy */;
		};
/* End PBXTargetDependency section */

/* Begin PBXVariantGroup section */
		31AB4CE11DAF6B62006A2404 /* Main.storyboard */ = {
			isa = PBXVariantGroup;
			children = (
				31AB4CE21DAF6B62006A2404 /* Base */,
			);
			name = Main.storyboard;
			sourceTree = "<group>";
		};
		31AB4CE61DAF6B62006A2404 /* LaunchScreen.storyboard */ = {
			isa = PBXVariantGroup;
			children = (
				31AB4CE71DAF6B62006A2404 /* Base */,
			);
			name = LaunchScreen.storyboard;
			sourceTree = "<group>";
		};
/* End PBXVariantGroup section */

/* Begin XCBuildConfiguration section */
		31AB4CF51DAF6B62006A2404 /* Debug */ = {
			isa = XCBuildConfiguration;
			buildSettings = {
				ALWAYS_SEARCH_USER_PATHS = NO;
				CLANG_ANALYZER_NONNULL = YES;
				CLANG_CXX_LANGUAGE_STANDARD = "gnu++0x";
				CLANG_CXX_LIBRARY = "libc++";
				CLANG_ENABLE_MODULES = YES;
				CLANG_ENABLE_OBJC_ARC = YES;
				CLANG_WARN_BOOL_CONVERSION = YES;
				CLANG_WARN_CONSTANT_CONVERSION = YES;
				CLANG_WARN_DIRECT_OBJC_ISA_USAGE = YES_ERROR;
				CLANG_WARN_EMPTY_BODY = YES;
				CLANG_WARN_ENUM_CONVERSION = YES;
				CLANG_WARN_INT_CONVERSION = YES;
				CLANG_WARN_OBJC_ROOT_CLASS = YES_ERROR;
				CLANG_WARN_UNREACHABLE_CODE = YES;
				CLANG_WARN__DUPLICATE_METHOD_MATCH = YES;
				"CODE_SIGN_IDENTITY[sdk=iphoneos*]" = "iPhone Developer";
				COPY_PHASE_STRIP = NO;
				DEBUG_INFORMATION_FORMAT = dwarf;
				ENABLE_STRICT_OBJC_MSGSEND = YES;
				ENABLE_TESTABILITY = YES;
				GCC_C_LANGUAGE_STANDARD = gnu99;
				GCC_DYNAMIC_NO_PIC = NO;
				GCC_NO_COMMON_BLOCKS = YES;
				GCC_OPTIMIZATION_LEVEL = 0;
				GCC_PREPROCESSOR_DEFINITIONS = (
					"DEBUG=1",
					"$(inherited)",
				);
				GCC_WARN_64_TO_32_BIT_CONVERSION = YES;
				GCC_WARN_ABOUT_RETURN_TYPE = YES_ERROR;
				GCC_WARN_UNDECLARED_SELECTOR = YES;
				GCC_WARN_UNINITIALIZED_AUTOS = YES_AGGRESSIVE;
				GCC_WARN_UNUSED_FUNCTION = YES;
				GCC_WARN_UNUSED_VARIABLE = YES;
				IPHONEOS_DEPLOYMENT_TARGET = 9.3;
				MTL_ENABLE_DEBUG_INFO = YES;
				ONLY_ACTIVE_ARCH = YES;
				SDKROOT = iphoneos;
				SWIFT_OPTIMIZATION_LEVEL = "-Onone";
				TARGETED_DEVICE_FAMILY = "1,2";
			};
			name = Debug;
		};
		31AB4CF61DAF6B62006A2404 /* Release */ = {
			isa = XCBuildConfiguration;
			buildSettings = {
				ALWAYS_SEARCH_USER_PATHS = NO;
				CLANG_ANALYZER_NONNULL = YES;
				CLANG_CXX_LANGUAGE_STANDARD = "gnu++0x";
				CLANG_CXX_LIBRARY = "libc++";
				CLANG_ENABLE_MODULES = YES;
				CLANG_ENABLE_OBJC_ARC = YES;
				CLANG_WARN_BOOL_CONVERSION = YES;
				CLANG_WARN_CONSTANT_CONVERSION = YES;
				CLANG_WARN_DIRECT_OBJC_ISA_USAGE = YES_ERROR;
				CLANG_WARN_EMPTY_BODY = YES;
				CLANG_WARN_ENUM_CONVERSION = YES;
				CLANG_WARN_INT_CONVERSION = YES;
				CLANG_WARN_OBJC_ROOT_CLASS = YES_ERROR;
				CLANG_WARN_UNREACHABLE_CODE = YES;
				CLANG_WARN__DUPLICATE_METHOD_MATCH = YES;
				"CODE_SIGN_IDENTITY[sdk=iphoneos*]" = "iPhone Developer";
				COPY_PHASE_STRIP = NO;
				DEBUG_INFORMATION_FORMAT = "dwarf-with-dsym";
				ENABLE_NS_ASSERTIONS = NO;
				ENABLE_STRICT_OBJC_MSGSEND = YES;
				GCC_C_LANGUAGE_STANDARD = gnu99;
				GCC_NO_COMMON_BLOCKS = YES;
				GCC_WARN_64_TO_32_BIT_CONVERSION = YES;
				GCC_WARN_ABOUT_RETURN_TYPE = YES_ERROR;
				GCC_WARN_UNDECLARED_SELECTOR = YES;
				GCC_WARN_UNINITIALIZED_AUTOS = YES_AGGRESSIVE;
				GCC_WARN_UNUSED_FUNCTION = YES;
				GCC_WARN_UNUSED_VARIABLE = YES;
				IPHONEOS_DEPLOYMENT_TARGET = 9.3;
				MTL_ENABLE_DEBUG_INFO = NO;
				SDKROOT = iphoneos;
				TARGETED_DEVICE_FAMILY = "1,2";
				VALIDATE_PRODUCT = YES;
			};
			name = Release;
		};
		31AB4CF81DAF6B62006A2404 /* Debug */ = {
			isa = XCBuildConfiguration;
			buildSettings = {
				ASSETCATALOG_COMPILER_APPICON_NAME = AppIcon;
				INFOPLIST_FILE = BottomSheet/Info.plist;
				LD_RUNPATH_SEARCH_PATHS = "$(inherited) @executable_path/Frameworks";
				PRODUCT_BUNDLE_IDENTIFIER = kuliza.BottomSheet;
				PRODUCT_NAME = "$(TARGET_NAME)";
			};
			name = Debug;
		};
		31AB4CF91DAF6B62006A2404 /* Release */ = {
			isa = XCBuildConfiguration;
			buildSettings = {
				ASSETCATALOG_COMPILER_APPICON_NAME = AppIcon;
				INFOPLIST_FILE = BottomSheet/Info.plist;
				LD_RUNPATH_SEARCH_PATHS = "$(inherited) @executable_path/Frameworks";
				PRODUCT_BUNDLE_IDENTIFIER = kuliza.BottomSheet;
				PRODUCT_NAME = "$(TARGET_NAME)";
			};
			name = Release;
		};
		31AB4CFB1DAF6B62006A2404 /* Debug */ = {
			isa = XCBuildConfiguration;
			buildSettings = {
				BUNDLE_LOADER = "$(TEST_HOST)";
				INFOPLIST_FILE = BottomSheetTests/Info.plist;
				LD_RUNPATH_SEARCH_PATHS = "$(inherited) @executable_path/Frameworks @loader_path/Frameworks";
				PRODUCT_BUNDLE_IDENTIFIER = kuliza.BottomSheetTests;
				PRODUCT_NAME = "$(TARGET_NAME)";
				TEST_HOST = "$(BUILT_PRODUCTS_DIR)/BottomSheet.app/BottomSheet";
			};
			name = Debug;
		};
		31AB4CFC1DAF6B62006A2404 /* Release */ = {
			isa = XCBuildConfiguration;
			buildSettings = {
				BUNDLE_LOADER = "$(TEST_HOST)";
				INFOPLIST_FILE = BottomSheetTests/Info.plist;
				LD_RUNPATH_SEARCH_PATHS = "$(inherited) @executable_path/Frameworks @loader_path/Frameworks";
				PRODUCT_BUNDLE_IDENTIFIER = kuliza.BottomSheetTests;
				PRODUCT_NAME = "$(TARGET_NAME)";
				TEST_HOST = "$(BUILT_PRODUCTS_DIR)/BottomSheet.app/BottomSheet";
			};
			name = Release;
		};
/* End XCBuildConfiguration section */

/* Begin XCConfigurationList section */
		31AB4CD51DAF6B62006A2404 /* Build configuration list for PBXProject "BottomSheet" */ = {
			isa = XCConfigurationList;
			buildConfigurations = (
				31AB4CF51DAF6B62006A2404 /* Debug */,
				31AB4CF61DAF6B62006A2404 /* Release */,
			);
			defaultConfigurationIsVisible = 0;
			defaultConfigurationName = Release;
		};
		31AB4CF71DAF6B62006A2404 /* Build configuration list for PBXNativeTarget "BottomSheet" */ = {
			isa = XCConfigurationList;
			buildConfigurations = (
				31AB4CF81DAF6B62006A2404 /* Debug */,
				31AB4CF91DAF6B62006A2404 /* Release */,
			);
			defaultConfigurationIsVisible = 0;
			defaultConfigurationName = Release;
		};
		31AB4CFA1DAF6B62006A2404 /* Build configuration list for PBXNativeTarget "BottomSheetTests" */ = {
			isa = XCConfigurationList;
			buildConfigurations = (
				31AB4CFB1DAF6B62006A2404 /* Debug */,
				31AB4CFC1DAF6B62006A2404 /* Release */,
			);
			defaultConfigurationIsVisible = 0;
			defaultConfigurationName = Release;
		};
/* End XCConfigurationList section */
	};
	rootObject = 31AB4CD21DAF6B62006A2404 /* Project object */;
}
